
Microsoft Visual Studio Solution File, Format Version 12.00
# Visual Studio 15
VisualStudioVersion = 15.0.28307.421
MinimumVisualStudioVersion = 10.0.40219.1
Project("{FAE04EC0-301F-11D3-BF4B-00C04F79EFBC}") = "hellowrold", "hellowrold\hellowrold.csproj", "{2D69712A-7C8C-4092-83C3-48D0A90B745D}"
EndProject
Global
	GlobalSection(SolutionConfigurationPlatforms) = preSolution
		Debug|Any CPU = Debug|Any CPU
		Release|Any CPU = Release|Any CPU
	EndGlobalSection
	GlobalSection(ProjectConfigurationPlatforms) = postSolution
		{2D69712A-7C8C-4092-83C3-48D0A90B745D}.Debug|Any CPU.ActiveCfg = Debug|Any CPU
		{2D69712A-7C8C-4092-83C3-48D0A90B745D}.Debug|Any CPU.Build.0 = Debug|Any CPU
		{2D69712A-7C8C-4092-83C3-48D0A90B745D}.Release|Any CPU.ActiveCfg = Release|Any CPU
		{2D69712A-7C8C-4092-83C3-48D0A90B745D}.Release|Any CPU.Build.0 = Release|Any CPU
	EndGlobalSection
	GlobalSection(SolutionProperties) = preSolution
		HideSolutionNode = FALSE
	EndGlobalSection
	GlobalSection(ExtensibilityGlobals) = postSolution
		SolutionGuid = {1715A0B8-407F-4E2F-AE9D-73872728A89C}
	EndGlobalSection
EndGlobal
